
Microsoft Visual Studio Solution File, Format Version 12.00
# Visual Studio Version 17
VisualStudioVersion = 17.6.33815.320
MinimumVisualStudioVersion = 10.0.40219.1
Project("{FAE04EC0-301F-11D3-BF4B-00C04F79EFBC}") = "A11", "A11\A11.csproj", "{FFEDED36-AAAB-41D7-92AA-BA37B17C5D38}"
EndProject
Global
	GlobalSection(SolutionConfigurationPlatforms) = preSolution
		Debug|Any CPU = Debug|Any CPU
		Release|Any CPU = Release|Any CPU
	EndGlobalSection
	GlobalSection(ProjectConfigurationPlatforms) = postSolution
		{FFEDED36-AAAB-41D7-92AA-BA37B17C5D38}.Debug|Any CPU.ActiveCfg = Debug|Any CPU
		{FFEDED36-AAAB-41D7-92AA-BA37B17C5D38}.Debug|Any CPU.Build.0 = Debug|Any CPU
		{FFEDED36-AAAB-41D7-92AA-BA37B17C5D38}.Release|Any CPU.ActiveCfg = Release|Any CPU
		{FFEDED36-AAAB-41D7-92AA-BA37B17C5D38}.Release|Any CPU.Build.0 = Release|Any CPU
	EndGlobalSection
	GlobalSection(SolutionProperties) = preSolution
		HideSolutionNode = FALSE
	EndGlobalSection
	GlobalSection(ExtensibilityGlobals) = postSolution
		SolutionGuid = {84C8FF7F-FC60-4371-9478-AE65FB959027}
	EndGlobalSection
EndGlobal
